
Microsoft Visual Studio Solution File, Format Version 12.00
# Visual Studio Version 17
VisualStudioVersion = 17.5.33424.131
MinimumVisualStudioVersion = 10.0.40219.1
Project("{FAE04EC0-301F-11D3-BF4B-00C04F79EFBC}") = "Sorted", "Sorted\Sorted.csproj", "{D9066CA4-6D0F-44D4-9A15-8CAD49ABD00D}"
EndProject
Global
	GlobalSection(SolutionConfigurationPlatforms) = preSolution
		Debug|Any CPU = Debug|Any CPU
		Release|Any CPU = Release|Any CPU
	EndGlobalSection
	GlobalSection(ProjectConfigurationPlatforms) = postSolution
		{D9066CA4-6D0F-44D4-9A15-8CAD49ABD00D}.Debug|Any CPU.ActiveCfg = Debug|Any CPU
		{D9066CA4-6D0F-44D4-9A15-8CAD49ABD00D}.Debug|Any CPU.Build.0 = Debug|Any CPU
		{D9066CA4-6D0F-44D4-9A15-8CAD49ABD00D}.Release|Any CPU.ActiveCfg = Release|Any CPU
		{D9066CA4-6D0F-44D4-9A15-8CAD49ABD00D}.Release|Any CPU.Build.0 = Release|Any CPU
	EndGlobalSection
	GlobalSection(SolutionProperties) = preSolution
		HideSolutionNode = FALSE
	EndGlobalSection
	GlobalSection(ExtensibilityGlobals) = postSolution
		SolutionGuid = {A5AA1F02-33C0-4B6A-A4FA-EC6162736E1A}
	EndGlobalSection
EndGlobal
